
Microsoft Visual Studio Solution File, Format Version 12.00
# Visual Studio Version 17
VisualStudioVersion = 17.13.35825.156 d17.13
MinimumVisualStudioVersion = 10.0.40219.1
Project("{FAE04EC0-301F-11D3-BF4B-00C04F79EFBC}") = "AT2-WFCadastros", "AT2-WFCadastros\AT2-WFCadastros.csproj", "{EEF8EA12-B8A8-4B17-BBA2-3E9A4DC7E56D}"
EndProject
Global
	GlobalSection(SolutionConfigurationPlatforms) = preSolution
		Debug|Any CPU = Debug|Any CPU
		Release|Any CPU = Release|Any CPU
	EndGlobalSection
	GlobalSection(ProjectConfigurationPlatforms) = postSolution
		{EEF8EA12-B8A8-4B17-BBA2-3E9A4DC7E56D}.Debug|Any CPU.ActiveCfg = Debug|Any CPU
		{EEF8EA12-B8A8-4B17-BBA2-3E9A4DC7E56D}.Debug|Any CPU.Build.0 = Debug|Any CPU
		{EEF8EA12-B8A8-4B17-BBA2-3E9A4DC7E56D}.Release|Any CPU.ActiveCfg = Release|Any CPU
		{EEF8EA12-B8A8-4B17-BBA2-3E9A4DC7E56D}.Release|Any CPU.Build.0 = Release|Any CPU
	EndGlobalSection
	GlobalSection(SolutionProperties) = preSolution
		HideSolutionNode = FALSE
	EndGlobalSection
	GlobalSection(ExtensibilityGlobals) = postSolution
		SolutionGuid = {F54FEC88-9245-4910-8B66-5CFF6E8764F2}
	EndGlobalSection
EndGlobal
